
Microsoft Visual Studio Solution File, Format Version 12.00
# Visual Studio Version 17
VisualStudioVersion = 17.10.34916.146
MinimumVisualStudioVersion = 10.0.40219.1
Project("{2150E333-8FDC-42A3-9474-1A3956D46DE8}") = "StartUpApp", "StartUpApp", "{DC78ECFD-A731-4712-ADEC-E1C00C227B7A}"
EndProject
Project("{2150E333-8FDC-42A3-9474-1A3956D46DE8}") = "ClassLibrary", "ClassLibrary", "{57E8FD50-99AD-4BFD-AE39-A2E9F5CF2968}"
EndProject
Project("{9A19103F-16F7-4668-BE54-9A1E7A4F7556}") = "StrategyPattern1", "ClassLibrary\StrategyPattern1\StrategyPattern1.csproj", "{5C09642D-9700-4AEA-B3D5-2B0FFDF76FE0}"
EndProject
Project("{9A19103F-16F7-4668-BE54-9A1E7A4F7556}") = "StrategyPattern2", "ClassLibrary\StrategyPattern2\StrategyPattern2.csproj", "{B9695C39-5F50-4BFF-821B-F6FBCA53AD9F}"
EndProject
Project("{9A19103F-16F7-4668-BE54-9A1E7A4F7556}") = "StrategyPattern3", "ClassLibrary\StrategyPattern3\StrategyPattern3.csproj", "{B98DBCD3-9B7F-4F6C-82D2-74D8A2C418D4}"
EndProject
Project("{9A19103F-16F7-4668-BE54-9A1E7A4F7556}") = "ObserverPattern1", "ClassLibrary\ObserverPattern1\ObserverPattern1.csproj", "{C3168BA1-4CBF-421B-89E3-D45FE917844A}"
EndProject
Project("{9A19103F-16F7-4668-BE54-9A1E7A4F7556}") = "StartUpApp", "StartUpApp\StartUpApp.csproj", "{3D728C27-BB25-4AE7-B5A6-B708984A90BF}"
EndProject
Project("{9A19103F-16F7-4668-BE54-9A1E7A4F7556}") = "ObserverPattern2", "ClassLibrary\ObserverPattern2\ObserverPattern2.csproj", "{C478D04F-F75B-4ED3-9D1D-3F36DC13EC77}"
EndProject
Project("{FAE04EC0-301F-11D3-BF4B-00C04F79EFBC}") = "DecoratorPattern1", "ClassLibrary\DecoratorPattern1\DecoratorPattern1.csproj", "{30849E71-AE72-4882-8179-B42D8F2F123A}"
EndProject
Project("{FAE04EC0-301F-11D3-BF4B-00C04F79EFBC}") = "DecoratorPattern2", "ClassLibrary\DecoratorPattern2\DecoratorPattern2.csproj", "{5B6E6425-5BBA-46D2-A368-65201C7EBF33}"
EndProject
Global
	GlobalSection(SolutionConfigurationPlatforms) = preSolution
		Debug|Any CPU = Debug|Any CPU
		Release|Any CPU = Release|Any CPU
	EndGlobalSection
	GlobalSection(ProjectConfigurationPlatforms) = postSolution
		{5C09642D-9700-4AEA-B3D5-2B0FFDF76FE0}.Debug|Any CPU.ActiveCfg = Debug|Any CPU
		{5C09642D-9700-4AEA-B3D5-2B0FFDF76FE0}.Debug|Any CPU.Build.0 = Debug|Any CPU
		{5C09642D-9700-4AEA-B3D5-2B0FFDF76FE0}.Release|Any CPU.ActiveCfg = Release|Any CPU
		{5C09642D-9700-4AEA-B3D5-2B0FFDF76FE0}.Release|Any CPU.Build.0 = Release|Any CPU
		{B9695C39-5F50-4BFF-821B-F6FBCA53AD9F}.Debug|Any CPU.ActiveCfg = Debug|Any CPU
		{B9695C39-5F50-4BFF-821B-F6FBCA53AD9F}.Debug|Any CPU.Build.0 = Debug|Any CPU
		{B9695C39-5F50-4BFF-821B-F6FBCA53AD9F}.Release|Any CPU.ActiveCfg = Release|Any CPU
		{B9695C39-5F50-4BFF-821B-F6FBCA53AD9F}.Release|Any CPU.Build.0 = Release|Any CPU
		{B98DBCD3-9B7F-4F6C-82D2-74D8A2C418D4}.Debug|Any CPU.ActiveCfg = Debug|Any CPU
		{B98DBCD3-9B7F-4F6C-82D2-74D8A2C418D4}.Debug|Any CPU.Build.0 = Debug|Any CPU
		{B98DBCD3-9B7F-4F6C-82D2-74D8A2C418D4}.Release|Any CPU.ActiveCfg = Release|Any CPU
		{B98DBCD3-9B7F-4F6C-82D2-74D8A2C418D4}.Release|Any CPU.Build.0 = Release|Any CPU
		{C3168BA1-4CBF-421B-89E3-D45FE917844A}.Debug|Any CPU.ActiveCfg = Debug|Any CPU
		{C3168BA1-4CBF-421B-89E3-D45FE917844A}.Debug|Any CPU.Build.0 = Debug|Any CPU
		{C3168BA1-4CBF-421B-89E3-D45FE917844A}.Release|Any CPU.ActiveCfg = Release|Any CPU
		{C3168BA1-4CBF-421B-89E3-D45FE917844A}.Release|Any CPU.Build.0 = Release|Any CPU
		{3D728C27-BB25-4AE7-B5A6-B708984A90BF}.Debug|Any CPU.ActiveCfg = Debug|Any CPU
		{3D728C27-BB25-4AE7-B5A6-B708984A90BF}.Debug|Any CPU.Build.0 = Debug|Any CPU
		{3D728C27-BB25-4AE7-B5A6-B708984A90BF}.Release|Any CPU.ActiveCfg = Release|Any CPU
		{3D728C27-BB25-4AE7-B5A6-B708984A90BF}.Release|Any CPU.Build.0 = Release|Any CPU
		{C478D04F-F75B-4ED3-9D1D-3F36DC13EC77}.Debug|Any CPU.ActiveCfg = Debug|Any CPU
		{C478D04F-F75B-4ED3-9D1D-3F36DC13EC77}.Debug|Any CPU.Build.0 = Debug|Any CPU
		{C478D04F-F75B-4ED3-9D1D-3F36DC13EC77}.Release|Any CPU.ActiveCfg = Release|Any CPU
		{C478D04F-F75B-4ED3-9D1D-3F36DC13EC77}.Release|Any CPU.Build.0 = Release|Any CPU
		{30849E71-AE72-4882-8179-B42D8F2F123A}.Debug|Any CPU.ActiveCfg = Debug|Any CPU
		{30849E71-AE72-4882-8179-B42D8F2F123A}.Debug|Any CPU.Build.0 = Debug|Any CPU
		{30849E71-AE72-4882-8179-B42D8F2F123A}.Release|Any CPU.ActiveCfg = Release|Any CPU
		{30849E71-AE72-4882-8179-B42D8F2F123A}.Release|Any CPU.Build.0 = Release|Any CPU
		{5B6E6425-5BBA-46D2-A368-65201C7EBF33}.Debug|Any CPU.ActiveCfg = Debug|Any CPU
		{5B6E6425-5BBA-46D2-A368-65201C7EBF33}.Debug|Any CPU.Build.0 = Debug|Any CPU
		{5B6E6425-5BBA-46D2-A368-65201C7EBF33}.Release|Any CPU.ActiveCfg = Release|Any CPU
		{5B6E6425-5BBA-46D2-A368-65201C7EBF33}.Release|Any CPU.Build.0 = Release|Any CPU
	EndGlobalSection
	GlobalSection(SolutionProperties) = preSolution
		HideSolutionNode = FALSE
	EndGlobalSection
	GlobalSection(NestedProjects) = preSolution
		{5C09642D-9700-4AEA-B3D5-2B0FFDF76FE0} = {57E8FD50-99AD-4BFD-AE39-A2E9F5CF2968}
		{B9695C39-5F50-4BFF-821B-F6FBCA53AD9F} = {57E8FD50-99AD-4BFD-AE39-A2E9F5CF2968}
		{B98DBCD3-9B7F-4F6C-82D2-74D8A2C418D4} = {57E8FD50-99AD-4BFD-AE39-A2E9F5CF2968}
		{C3168BA1-4CBF-421B-89E3-D45FE917844A} = {57E8FD50-99AD-4BFD-AE39-A2E9F5CF2968}
		{3D728C27-BB25-4AE7-B5A6-B708984A90BF} = {DC78ECFD-A731-4712-ADEC-E1C00C227B7A}
		{C478D04F-F75B-4ED3-9D1D-3F36DC13EC77} = {57E8FD50-99AD-4BFD-AE39-A2E9F5CF2968}
		{30849E71-AE72-4882-8179-B42D8F2F123A} = {57E8FD50-99AD-4BFD-AE39-A2E9F5CF2968}
		{5B6E6425-5BBA-46D2-A368-65201C7EBF33} = {57E8FD50-99AD-4BFD-AE39-A2E9F5CF2968}
	EndGlobalSection
	GlobalSection(ExtensibilityGlobals) = postSolution
		SolutionGuid = {9A8F2F75-F557-4623-87C7-ED8633046295}
	EndGlobalSection
EndGlobal
